
Microsoft Visual Studio Solution File, Format Version 12.00
# Visual Studio Version 16
VisualStudioVersion = 16.0.31205.134
MinimumVisualStudioVersion = 10.0.40219.1
Project("{FAE04EC0-301F-11D3-BF4B-00C04F79EFBC}") = "1912901017_nurdanselcuk", "1912901017_nurdanselcuk\1912901017_nurdanselcuk.csproj", "{2169EC6A-2E68-4572-8D00-420CEB2765FB}"
EndProject
Global
	GlobalSection(SolutionConfigurationPlatforms) = preSolution
		Debug|Any CPU = Debug|Any CPU
		Release|Any CPU = Release|Any CPU
	EndGlobalSection
	GlobalSection(ProjectConfigurationPlatforms) = postSolution
		{2169EC6A-2E68-4572-8D00-420CEB2765FB}.Debug|Any CPU.ActiveCfg = Debug|Any CPU
		{2169EC6A-2E68-4572-8D00-420CEB2765FB}.Debug|Any CPU.Build.0 = Debug|Any CPU
		{2169EC6A-2E68-4572-8D00-420CEB2765FB}.Release|Any CPU.ActiveCfg = Release|Any CPU
		{2169EC6A-2E68-4572-8D00-420CEB2765FB}.Release|Any CPU.Build.0 = Release|Any CPU
	EndGlobalSection
	GlobalSection(SolutionProperties) = preSolution
		HideSolutionNode = FALSE
	EndGlobalSection
	GlobalSection(ExtensibilityGlobals) = postSolution
		SolutionGuid = {D47709AC-3233-4A62-9C2A-959A9D50D37C}
	EndGlobalSection
EndGlobal
